
Microsoft Visual Studio Solution File, Format Version 12.00
# Visual Studio Version 17
VisualStudioVersion = 17.5.33502.453
MinimumVisualStudioVersion = 10.0.40219.1
Project("{2150E333-8FDC-42A3-9474-1A3956D46DE8}") = "Internal", "Internal", "{B9214A5A-CA04-4995-AE36-806BC77FF74D}"
	ProjectSection(SolutionItems) = preProject
		Internal\.editorconfig = Internal\.editorconfig
	EndProjectSection
EndProject
Project("{2150E333-8FDC-42A3-9474-1A3956D46DE8}") = "Scripts", "Scripts", "{18EF40FD-81A6-43E8-96FA-1744919B5D3A}"
EndProject
Project("{2150E333-8FDC-42A3-9474-1A3956D46DE8}") = "Dlls", "Dlls", "{66226D40-AFEC-420A-A96E-AE821DACEE54}"
	ProjectSection(SolutionItems) = preProject
		Dlls\ABOUT.md = Dlls\ABOUT.md
	EndProjectSection
EndProject
Project("{2150E333-8FDC-42A3-9474-1A3956D46DE8}") = "CompanionFiles", "CompanionFiles", "{9BEB1C68-3BA0-4671-B4E9-B5C3A181F256}"
EndProject
Project("{2150E333-8FDC-42A3-9474-1A3956D46DE8}") = "Skyline DataMiner", "Skyline DataMiner", "{FB2ED7C9-7053-4FF0-A213-53C2C6FD3B31}"
	ProjectSection(SolutionItems) = preProject
		CompanionFiles\Skyline DataMiner\AboutThisFolder.md = CompanionFiles\Skyline DataMiner\AboutThisFolder.md
	EndProjectSection
EndProject
Project("{2150E333-8FDC-42A3-9474-1A3956D46DE8}") = "Documentation", "Documentation", "{FEB29922-12F9-4CDF-8F34-A4C4FEA06DD5}"
	ProjectSection(SolutionItems) = preProject
		Documentation\ABOUT.md = Documentation\ABOUT.md
		README.md = README.md
	EndProjectSection
EndProject
Project("{2150E333-8FDC-42A3-9474-1A3956D46DE8}") = "Tests", "Tests", "{F8938D60-51A0-4880-9CFC-19C66379BB5D}"
EndProject
Project("{2150E333-8FDC-42A3-9474-1A3956D46DE8}") = "Code Analysis", "Code Analysis", "{5B5B370F-9D7C-409B-BC3E-BBB776E6D231}"
	ProjectSection(SolutionItems) = preProject
		Internal\Code Analysis\qaction-debug.ruleset = Internal\Code Analysis\qaction-debug.ruleset
		Internal\Code Analysis\qaction-release.ruleset = Internal\Code Analysis\qaction-release.ruleset
		Internal\Code Analysis\stylecop.json = Internal\Code Analysis\stylecop.json
	EndProjectSection
EndProject
Project("{2150E333-8FDC-42A3-9474-1A3956D46DE8}") = "GQI-GetMetadata", "GQI-GetMetadata", "{F00575AA-2F20-4182-8680-DC33C13357FE}"
	ProjectSection(SolutionItems) = preProject
		GQIGetMetadata.xml = GQIGetMetadata.xml
	EndProjectSection
EndProject
Project("{2150E333-8FDC-42A3-9474-1A3956D46DE8}") = "Actions", "Actions", "{3CAFE7C3-947D-433B-8F96-9540D4CD9BE5}"
EndProject
Project("{9A19103F-16F7-4668-BE54-9A1E7A4F7556}") = "GQIGetMetadata", "GQI-GetMetadata_1\GQIGetMetadata.csproj", "{D356B9DB-A714-475D-BDB6-159CAC0F05B7}"
EndProject
Global
	GlobalSection(SolutionConfigurationPlatforms) = preSolution
		Debug|Any CPU = Debug|Any CPU
		Release|Any CPU = Release|Any CPU
	EndGlobalSection
	GlobalSection(ProjectConfigurationPlatforms) = postSolution
		{D356B9DB-A714-475D-BDB6-159CAC0F05B7}.Debug|Any CPU.ActiveCfg = Debug|Any CPU
		{D356B9DB-A714-475D-BDB6-159CAC0F05B7}.Debug|Any CPU.Build.0 = Debug|Any CPU
		{D356B9DB-A714-475D-BDB6-159CAC0F05B7}.Release|Any CPU.ActiveCfg = Release|Any CPU
		{D356B9DB-A714-475D-BDB6-159CAC0F05B7}.Release|Any CPU.Build.0 = Release|Any CPU
	EndGlobalSection
	GlobalSection(SolutionProperties) = preSolution
		HideSolutionNode = FALSE
	EndGlobalSection
	GlobalSection(NestedProjects) = preSolution
		{FB2ED7C9-7053-4FF0-A213-53C2C6FD3B31} = {9BEB1C68-3BA0-4671-B4E9-B5C3A181F256}
		{5B5B370F-9D7C-409B-BC3E-BBB776E6D231} = {B9214A5A-CA04-4995-AE36-806BC77FF74D}
		{F00575AA-2F20-4182-8680-DC33C13357FE} = {18EF40FD-81A6-43E8-96FA-1744919B5D3A}
		{3CAFE7C3-947D-433B-8F96-9540D4CD9BE5} = {F00575AA-2F20-4182-8680-DC33C13357FE}
		{D356B9DB-A714-475D-BDB6-159CAC0F05B7} = {3CAFE7C3-947D-433B-8F96-9540D4CD9BE5}
	EndGlobalSection
	GlobalSection(ExtensibilityGlobals) = postSolution
		SolutionGuid = {2B492270-8484-406E-9F81-B5B6110F97C8}
	EndGlobalSection
EndGlobal
